
Microsoft Visual Studio Solution File, Format Version 12.00
Project("{FAE04EC0-301F-11D3-BF4B-00C04F79EFBC}") = "Entities", "Entities\Entities.csproj", "{975B1ACF-9E2A-47F0-904A-210D3850AD74}"
EndProject
Project("{2150E333-8FDC-42A3-9474-1A3956D46DE8}") = "1 - Apresentacao", "1 - Apresentacao", "{A6FF754D-0C2E-4A6A-AFAC-D619BC4C973C}"
EndProject
Project("{2150E333-8FDC-42A3-9474-1A3956D46DE8}") = "2 - Dominio", "2 - Dominio", "{C6CA40CD-2369-4181-96AF-9D2C0CFE3F69}"
EndProject
Project("{2150E333-8FDC-42A3-9474-1A3956D46DE8}") = "3 - Infraestrutura", "3 - Infraestrutura", "{F2AA52AB-2039-4344-AFBE-6FE10D199DCE}"
EndProject
Project("{2150E333-8FDC-42A3-9474-1A3956D46DE8}") = "4 - Entidades", "4 - Entidades", "{CECC3D55-D618-4A48-8CFA-AB4D302E2264}"
EndProject
Project("{2150E333-8FDC-42A3-9474-1A3956D46DE8}") = "5 - Helpers", "5 - Helpers", "{03B302F6-2899-48B9-B172-9578F746A040}"
EndProject
Project("{FAE04EC0-301F-11D3-BF4B-00C04F79EFBC}") = "Helpers", "Helpers\Helpers.csproj", "{A6FD478C-5001-467F-998F-6437A3173BD5}"
EndProject
Project("{FAE04EC0-301F-11D3-BF4B-00C04F79EFBC}") = "Infra", "Infra\Infra.csproj", "{E656209F-DB93-4401-9FDE-CDD946E41170}"
EndProject
Project("{FAE04EC0-301F-11D3-BF4B-00C04F79EFBC}") = "Domain", "Domain\Domain.csproj", "{9320D20C-8ACF-4A3E-B10B-FA65E4EE9369}"
EndProject
Project("{FAE04EC0-301F-11D3-BF4B-00C04F79EFBC}") = "WebAPI", "WebAPI\WebAPI.csproj", "{61CA9F07-5A91-49D9-8F92-93BD6C1E1152}"
EndProject
Global
	GlobalSection(SolutionConfigurationPlatforms) = preSolution
		Debug|Any CPU = Debug|Any CPU
		Release|Any CPU = Release|Any CPU
	EndGlobalSection
	GlobalSection(ProjectConfigurationPlatforms) = postSolution
		{975B1ACF-9E2A-47F0-904A-210D3850AD74}.Debug|Any CPU.ActiveCfg = Debug|Any CPU
		{975B1ACF-9E2A-47F0-904A-210D3850AD74}.Debug|Any CPU.Build.0 = Debug|Any CPU
		{975B1ACF-9E2A-47F0-904A-210D3850AD74}.Release|Any CPU.ActiveCfg = Release|Any CPU
		{975B1ACF-9E2A-47F0-904A-210D3850AD74}.Release|Any CPU.Build.0 = Release|Any CPU
		{A6FD478C-5001-467F-998F-6437A3173BD5}.Debug|Any CPU.ActiveCfg = Debug|Any CPU
		{A6FD478C-5001-467F-998F-6437A3173BD5}.Debug|Any CPU.Build.0 = Debug|Any CPU
		{A6FD478C-5001-467F-998F-6437A3173BD5}.Release|Any CPU.ActiveCfg = Release|Any CPU
		{A6FD478C-5001-467F-998F-6437A3173BD5}.Release|Any CPU.Build.0 = Release|Any CPU
		{E656209F-DB93-4401-9FDE-CDD946E41170}.Debug|Any CPU.ActiveCfg = Debug|Any CPU
		{E656209F-DB93-4401-9FDE-CDD946E41170}.Debug|Any CPU.Build.0 = Debug|Any CPU
		{E656209F-DB93-4401-9FDE-CDD946E41170}.Release|Any CPU.ActiveCfg = Release|Any CPU
		{E656209F-DB93-4401-9FDE-CDD946E41170}.Release|Any CPU.Build.0 = Release|Any CPU
		{9320D20C-8ACF-4A3E-B10B-FA65E4EE9369}.Debug|Any CPU.ActiveCfg = Debug|Any CPU
		{9320D20C-8ACF-4A3E-B10B-FA65E4EE9369}.Debug|Any CPU.Build.0 = Debug|Any CPU
		{9320D20C-8ACF-4A3E-B10B-FA65E4EE9369}.Release|Any CPU.ActiveCfg = Release|Any CPU
		{9320D20C-8ACF-4A3E-B10B-FA65E4EE9369}.Release|Any CPU.Build.0 = Release|Any CPU
		{61CA9F07-5A91-49D9-8F92-93BD6C1E1152}.Debug|Any CPU.ActiveCfg = Debug|Any CPU
		{61CA9F07-5A91-49D9-8F92-93BD6C1E1152}.Debug|Any CPU.Build.0 = Debug|Any CPU
		{61CA9F07-5A91-49D9-8F92-93BD6C1E1152}.Release|Any CPU.ActiveCfg = Release|Any CPU
		{61CA9F07-5A91-49D9-8F92-93BD6C1E1152}.Release|Any CPU.Build.0 = Release|Any CPU
	EndGlobalSection
	GlobalSection(NestedProjects) = preSolution
		{975B1ACF-9E2A-47F0-904A-210D3850AD74} = {CECC3D55-D618-4A48-8CFA-AB4D302E2264}
		{A6FD478C-5001-467F-998F-6437A3173BD5} = {03B302F6-2899-48B9-B172-9578F746A040}
		{E656209F-DB93-4401-9FDE-CDD946E41170} = {F2AA52AB-2039-4344-AFBE-6FE10D199DCE}
		{9320D20C-8ACF-4A3E-B10B-FA65E4EE9369} = {C6CA40CD-2369-4181-96AF-9D2C0CFE3F69}
		{61CA9F07-5A91-49D9-8F92-93BD6C1E1152} = {A6FF754D-0C2E-4A6A-AFAC-D619BC4C973C}
	EndGlobalSection
EndGlobal
